<?xml version="1.0" encoding="utf-8"?>
<Project ToolsVersion="4.0" xmlns="http://schemas.microsoft.com/developer/msbuild/2003">
  <ItemGroup>
    <Filter Include="소스 파일">
      <UniqueIdentifier>{4FC737F1-C7A5-4376-A066-2A32D752A2FF}</UniqueIdentifier>
      <Extensions>cpp;c;cc;cxx;c++;cppm;ixx;def;odl;idl;hpj;bat;asm;asmx</Extensions>
    </Filter>
    <Filter Include="헤더 파일">
      <UniqueIdentifier>{93995380-89BD-4b04-88EB-625FBE52EBFB}</UniqueIdentifier>
      <Extensions>h;hh;hpp;hxx;h++;hm;inl;inc;ipp;xsd</Extensions>
    </Filter>
    <Filter Include="리소스 파일">
      <UniqueIdentifier>{67DA6AB6-F800-4c08-8B7A-83BB121AAD01}</UniqueIdentifier>
      <Extensions>rc;ico;cur;bmp;dlg;rc2;rct;bin;rgs;gif;jpg;jpeg;jpe;resx;tiff;tif;png;wav;mfcribbon-ms</Extensions>
    </Filter>
    <Filter Include="Engine">
      <UniqueIdentifier>{d28017b9-3607-434f-ac09-820f166b8fbd}</UniqueIdentifier>
    </Filter>
    <Filter Include="Engine\Input">
      <UniqueIdentifier>{eaf2a6c6-6abb-4a84-a72d-4b331a532cc7}</UniqueIdentifier>
    </Filter>
    <Filter Include="Engine\Graphics">
      <UniqueIdentifier>{06415967-b360-4c28-ba13-e918337e5b19}</UniqueIdentifier>
    </Filter>
  </ItemGroup>
  <ItemGroup>
    <ClCompile Include="WinMain.cpp">
      <Filter>소스 파일</Filter>
    </ClCompile>
    <ClCompile Include="RenderWindow.cpp">
      <Filter>소스 파일</Filter>
    </ClCompile>
    <ClCompile Include="WindowContainer.cpp">
      <Filter>소스 파일</Filter>
    </ClCompile>
    <ClCompile Include="Engine\Debug.cpp">
      <Filter>Engine</Filter>
    </ClCompile>
    <ClCompile Include="Engine\Engine.cpp">
      <Filter>Engine</Filter>
    </ClCompile>
    <ClCompile Include="Engine\Input\KeyBoard.cpp">
      <Filter>Engine\Input</Filter>
    </ClCompile>
    <ClCompile Include="Engine\Input\KeyboardEvent.cpp">
      <Filter>Engine\Input</Filter>
    </ClCompile>
    <ClCompile Include="Engine\Input\MouseEvent.cpp">
      <Filter>Engine\Input</Filter>
    </ClCompile>
    <ClCompile Include="Engine\Input\Mouse.cpp">
      <Filter>Engine\Input</Filter>
    </ClCompile>
    <ClCompile Include="Engine\Graphics\Graphics.cpp">
      <Filter>Engine\Graphics</Filter>
    </ClCompile>
    <ClCompile Include="Engine\Graphics\AdapterReader.cpp">
      <Filter>Engine\Graphics</Filter>
    </ClCompile>
    <ClCompile Include="Engine\Graphics\Shaders.cpp">
      <Filter>소스 파일</Filter>
    </ClCompile>
    <ClCompile Include="Engine\Graphics\Objects\Components\Camera.cpp">
      <Filter>소스 파일</Filter>
    </ClCompile>
    <ClCompile Include="Engine\Time.cpp">
      <Filter>소스 파일</Filter>
    </ClCompile>
    <ClCompile Include="Engine\Graphics\ImGui\imgui.cpp">
      <Filter>소스 파일</Filter>
    </ClCompile>
    <ClCompile Include="Engine\Graphics\ImGui\imgui_draw.cpp">
      <Filter>소스 파일</Filter>
    </ClCompile>
    <ClCompile Include="Engine\Graphics\ImGui\imgui_tables.cpp">
      <Filter>소스 파일</Filter>
    </ClCompile>
    <ClCompile Include="Engine\Graphics\ImGui\imgui_widgets.cpp">
      <Filter>소스 파일</Filter>
    </ClCompile>
    <ClCompile Include="Engine\Graphics\ImGui\imgui_impl_dx11.cpp">
      <Filter>소스 파일</Filter>
    </ClCompile>
    <ClCompile Include="Engine\Graphics\ImGui\imgui_impl_win32.cpp">
      <Filter>소스 파일</Filter>
    </ClCompile>
    <ClCompile Include="Engine\Graphics\Objects\GameObject.cpp">
      <Filter>소스 파일</Filter>
    </ClCompile>
    <ClCompile Include="Engine\Graphics\Objects\Components\Component.cpp">
      <Filter>소스 파일</Filter>
    </ClCompile>
    <ClCompile Include="Engine\Graphics\Objects\Components\Transform.cpp">
      <Filter>소스 파일</Filter>
    </ClCompile>
    <ClCompile Include="Engine\Graphics\Objects\Components\Renderer.cpp">
      <Filter>소스 파일</Filter>
    </ClCompile>
    <ClCompile Include="Engine\Graphics\Objects\Texture.cpp">
      <Filter>소스 파일</Filter>
    </ClCompile>
    <ClCompile Include="Engine\Graphics\Objects\Color.cpp">
      <Filter>소스 파일</Filter>
    </ClCompile>
    <ClCompile Include="Engine\Graphics\Objects\Components\SpriteRenderer.cpp">
      <Filter>소스 파일</Filter>
    </ClCompile>
    <ClCompile Include="Engine\Graphics\Objects\Components\SkinnedMeshRenderer.cpp">
      <Filter>소스 파일</Filter>
    </ClCompile>
    <ClCompile Include="Engine\Scenes\DefaultScene.cpp">
      <Filter>소스 파일</Filter>
    </ClCompile>
    <ClCompile Include="Engine\Graphics\Objects\GeometryHelper.cpp">
      <Filter>소스 파일</Filter>
    </ClCompile>
  </ItemGroup>
  <ItemGroup>
    <ClInclude Include="RenderWindow.h">
      <Filter>헤더 파일</Filter>
    </ClInclude>
    <ClInclude Include="WindowContainer.h">
      <Filter>헤더 파일</Filter>
    </ClInclude>
    <ClInclude Include="Engine\Debug.h">
      <Filter>Engine</Filter>
    </ClInclude>
    <ClInclude Include="Engine\Engine.h">
      <Filter>Engine</Filter>
    </ClInclude>
    <ClInclude Include="Engine\Input\KeyBoard.h">
      <Filter>Engine\Input</Filter>
    </ClInclude>
    <ClInclude Include="Engine\Input\KeyboardEvent.h">
      <Filter>Engine\Input</Filter>
    </ClInclude>
    <ClInclude Include="Engine\Input\MouseEvent.h">
      <Filter>Engine\Input</Filter>
    </ClInclude>
    <ClInclude Include="Engine\Input\Mouse.h">
      <Filter>Engine\Input</Filter>
    </ClInclude>
    <ClInclude Include="Engine\Graphics\Graphics.h">
      <Filter>Engine\Graphics</Filter>
    </ClInclude>
    <ClInclude Include="Engine\Graphics\AdapterReader.h">
      <Filter>Engine\Graphics</Filter>
    </ClInclude>
    <ClInclude Include="Engine\Graphics\Shaders.h">
      <Filter>헤더 파일</Filter>
    </ClInclude>
    <ClInclude Include="Engine\Graphics\Vertex.h">
      <Filter>헤더 파일</Filter>
    </ClInclude>
    <ClInclude Include="Engine\Graphics\Buffers.h">
      <Filter>헤더 파일</Filter>
    </ClInclude>
    <ClInclude Include="Engine\Graphics\ConstantBufferTypes.h">
      <Filter>헤더 파일</Filter>
    </ClInclude>
    <ClInclude Include="Engine\Graphics\Objects\Components\Camera.h">
      <Filter>헤더 파일</Filter>
    </ClInclude>
    <ClInclude Include="Engine\Time.h">
      <Filter>헤더 파일</Filter>
    </ClInclude>
    <ClInclude Include="Engine\Graphics\ImGui\imconfig.h">
      <Filter>헤더 파일</Filter>
    </ClInclude>
    <ClInclude Include="Engine\Graphics\ImGui\imgui.h">
      <Filter>헤더 파일</Filter>
    </ClInclude>
    <ClInclude Include="Engine\Graphics\ImGui\imgui_internal.h">
      <Filter>헤더 파일</Filter>
    </ClInclude>
    <ClInclude Include="Engine\Graphics\ImGui\imstb_rectpack.h">
      <Filter>헤더 파일</Filter>
    </ClInclude>
    <ClInclude Include="Engine\Graphics\ImGui\imstb_textedit.h">
      <Filter>헤더 파일</Filter>
    </ClInclude>
    <ClInclude Include="Engine\Graphics\ImGui\imstb_truetype.h">
      <Filter>헤더 파일</Filter>
    </ClInclude>
    <ClInclude Include="Engine\Graphics\ImGui\imgui_impl_dx11.h">
      <Filter>헤더 파일</Filter>
    </ClInclude>
    <ClInclude Include="Engine\Graphics\ImGui\imgui_impl_win32.h">
      <Filter>헤더 파일</Filter>
    </ClInclude>
    <ClInclude Include="Engine\ComException.h">
      <Filter>헤더 파일</Filter>
    </ClInclude>
    <ClInclude Include="Engine\Graphics\Objects\GameObject.h">
      <Filter>헤더 파일</Filter>
    </ClInclude>
    <ClInclude Include="Engine\Graphics\Objects\Components\Component.h">
      <Filter>헤더 파일</Filter>
    </ClInclude>
    <ClInclude Include="Engine\Graphics\Objects\Components\Transform.h">
      <Filter>헤더 파일</Filter>
    </ClInclude>
    <ClInclude Include="Engine\Graphics\Objects\Components\ComponentTypes.h">
      <Filter>헤더 파일</Filter>
    </ClInclude>
    <ClInclude Include="Engine\Graphics\Objects\Components\Renderer.h">
      <Filter>헤더 파일</Filter>
    </ClInclude>
    <ClInclude Include="Includes\assimp\aabb.h">
      <Filter>헤더 파일</Filter>
    </ClInclude>
    <ClInclude Include="Includes\assimp\ai_assert.h">
      <Filter>헤더 파일</Filter>
    </ClInclude>
    <ClInclude Include="Includes\assimp\anim.h">
      <Filter>헤더 파일</Filter>
    </ClInclude>
    <ClInclude Include="Includes\assimp\Base64.hpp">
      <Filter>헤더 파일</Filter>
    </ClInclude>
    <ClInclude Include="Includes\assimp\BaseImporter.h">
      <Filter>헤더 파일</Filter>
    </ClInclude>
    <ClInclude Include="Includes\assimp\Bitmap.h">
      <Filter>헤더 파일</Filter>
    </ClInclude>
    <ClInclude Include="Includes\assimp\BlobIOSystem.h">
      <Filter>헤더 파일</Filter>
    </ClInclude>
    <ClInclude Include="Includes\assimp\ByteSwapper.h">
      <Filter>헤더 파일</Filter>
    </ClInclude>
    <ClInclude Include="Includes\assimp\camera.h">
      <Filter>헤더 파일</Filter>
    </ClInclude>
    <ClInclude Include="Includes\assimp\cexport.h">
      <Filter>헤더 파일</Filter>
    </ClInclude>
    <ClInclude Include="Includes\assimp\cfileio.h">
      <Filter>헤더 파일</Filter>
    </ClInclude>
    <ClInclude Include="Includes\assimp\cimport.h">
      <Filter>헤더 파일</Filter>
    </ClInclude>
    <ClInclude Include="Includes\assimp\ColladaMetaData.h">
      <Filter>헤더 파일</Filter>
    </ClInclude>
    <ClInclude Include="Includes\assimp\color4.h">
      <Filter>헤더 파일</Filter>
    </ClInclude>
    <ClInclude Include="Includes\assimp\commonMetaData.h">
      <Filter>헤더 파일</Filter>
    </ClInclude>
    <ClInclude Include="Includes\assimp\config.h">
      <Filter>헤더 파일</Filter>
    </ClInclude>
    <ClInclude Include="Includes\assimp\CreateAnimMesh.h">
      <Filter>헤더 파일</Filter>
    </ClInclude>
    <ClInclude Include="Includes\assimp\DefaultIOStream.h">
      <Filter>헤더 파일</Filter>
    </ClInclude>
    <ClInclude Include="Includes\assimp\DefaultIOSystem.h">
      <Filter>헤더 파일</Filter>
    </ClInclude>
    <ClInclude Include="Includes\assimp\DefaultLogger.hpp">
      <Filter>헤더 파일</Filter>
    </ClInclude>
    <ClInclude Include="Includes\assimp\defs.h">
      <Filter>헤더 파일</Filter>
    </ClInclude>
    <ClInclude Include="Includes\assimp\Exceptional.h">
      <Filter>헤더 파일</Filter>
    </ClInclude>
    <ClInclude Include="Includes\assimp\Exporter.hpp">
      <Filter>헤더 파일</Filter>
    </ClInclude>
    <ClInclude Include="Includes\assimp\fast_atof.h">
      <Filter>헤더 파일</Filter>
    </ClInclude>
    <ClInclude Include="Includes\assimp\GenericProperty.h">
      <Filter>헤더 파일</Filter>
    </ClInclude>
    <ClInclude Include="Includes\assimp\GltfMaterial.h">
      <Filter>헤더 파일</Filter>
    </ClInclude>
    <ClInclude Include="Includes\assimp\Hash.h">
      <Filter>헤더 파일</Filter>
    </ClInclude>
    <ClInclude Include="Includes\assimp\Importer.hpp">
      <Filter>헤더 파일</Filter>
    </ClInclude>
    <ClInclude Include="Includes\assimp\importerdesc.h">
      <Filter>헤더 파일</Filter>
    </ClInclude>
    <ClInclude Include="Includes\assimp\IOStream.hpp">
      <Filter>헤더 파일</Filter>
    </ClInclude>
    <ClInclude Include="Includes\assimp\IOStreamBuffer.h">
      <Filter>헤더 파일</Filter>
    </ClInclude>
    <ClInclude Include="Includes\assimp\IOSystem.hpp">
      <Filter>헤더 파일</Filter>
    </ClInclude>
    <ClInclude Include="Includes\assimp\light.h">
      <Filter>헤더 파일</Filter>
    </ClInclude>
    <ClInclude Include="Includes\assimp\LineSplitter.h">
      <Filter>헤더 파일</Filter>
    </ClInclude>
    <ClInclude Include="Includes\assimp\LogAux.h">
      <Filter>헤더 파일</Filter>
    </ClInclude>
    <ClInclude Include="Includes\assimp\Logger.hpp">
      <Filter>헤더 파일</Filter>
    </ClInclude>
    <ClInclude Include="Includes\assimp\LogStream.hpp">
      <Filter>헤더 파일</Filter>
    </ClInclude>
    <ClInclude Include="Includes\assimp\material.h">
      <Filter>헤더 파일</Filter>
    </ClInclude>
    <ClInclude Include="Includes\assimp\MathFunctions.h">
      <Filter>헤더 파일</Filter>
    </ClInclude>
    <ClInclude Include="Includes\assimp\matrix3x3.h">
      <Filter>헤더 파일</Filter>
    </ClInclude>
    <ClInclude Include="Includes\assimp\matrix4x4.h">
      <Filter>헤더 파일</Filter>
    </ClInclude>
    <ClInclude Include="Includes\assimp\MemoryIOWrapper.h">
      <Filter>헤더 파일</Filter>
    </ClInclude>
    <ClInclude Include="Includes\assimp\mesh.h">
      <Filter>헤더 파일</Filter>
    </ClInclude>
    <ClInclude Include="Includes\assimp\metadata.h">
      <Filter>헤더 파일</Filter>
    </ClInclude>
    <ClInclude Include="Includes\assimp\NullLogger.hpp">
      <Filter>헤더 파일</Filter>
    </ClInclude>
    <ClInclude Include="Includes\assimp\ObjMaterial.h">
      <Filter>헤더 파일</Filter>
    </ClInclude>
    <ClInclude Include="Includes\assimp\ParsingUtils.h">
      <Filter>헤더 파일</Filter>
    </ClInclude>
    <ClInclude Include="Includes\assimp\pbrmaterial.h">
      <Filter>헤더 파일</Filter>
    </ClInclude>
    <ClInclude Include="Includes\assimp\postprocess.h">
      <Filter>헤더 파일</Filter>
    </ClInclude>
    <ClInclude Include="Includes\assimp\Profiler.h">
      <Filter>헤더 파일</Filter>
    </ClInclude>
    <ClInclude Include="Includes\assimp\ProgressHandler.hpp">
      <Filter>헤더 파일</Filter>
    </ClInclude>
    <ClInclude Include="Includes\assimp\qnan.h">
      <Filter>헤더 파일</Filter>
    </ClInclude>
    <ClInclude Include="Includes\assimp\quaternion.h">
      <Filter>헤더 파일</Filter>
    </ClInclude>
    <ClInclude Include="Includes\assimp\RemoveComments.h">
      <Filter>헤더 파일</Filter>
    </ClInclude>
    <ClInclude Include="Includes\assimp\scene.h">
      <Filter>헤더 파일</Filter>
    </ClInclude>
    <ClInclude Include="Includes\assimp\SceneCombiner.h">
      <Filter>헤더 파일</Filter>
    </ClInclude>
    <ClInclude Include="Includes\assimp\SGSpatialSort.h">
      <Filter>헤더 파일</Filter>
    </ClInclude>
    <ClInclude Include="Includes\assimp\SkeletonMeshBuilder.h">
      <Filter>헤더 파일</Filter>
    </ClInclude>
    <ClInclude Include="Includes\assimp\SmallVector.h">
      <Filter>헤더 파일</Filter>
    </ClInclude>
    <ClInclude Include="Includes\assimp\SmoothingGroups.h">
      <Filter>헤더 파일</Filter>
    </ClInclude>
    <ClInclude Include="Includes\assimp\SpatialSort.h">
      <Filter>헤더 파일</Filter>
    </ClInclude>
    <ClInclude Include="Includes\assimp\StandardShapes.h">
      <Filter>헤더 파일</Filter>
    </ClInclude>
    <ClInclude Include="Includes\assimp\StreamReader.h">
      <Filter>헤더 파일</Filter>
    </ClInclude>
    <ClInclude Include="Includes\assimp\StreamWriter.h">
      <Filter>헤더 파일</Filter>
    </ClInclude>
    <ClInclude Include="Includes\assimp\StringComparison.h">
      <Filter>헤더 파일</Filter>
    </ClInclude>
    <ClInclude Include="Includes\assimp\StringUtils.h">
      <Filter>헤더 파일</Filter>
    </ClInclude>
    <ClInclude Include="Includes\assimp\Subdivision.h">
      <Filter>헤더 파일</Filter>
    </ClInclude>
    <ClInclude Include="Includes\assimp\texture.h">
      <Filter>헤더 파일</Filter>
    </ClInclude>
    <ClInclude Include="Includes\assimp\TinyFormatter.h">
      <Filter>헤더 파일</Filter>
    </ClInclude>
    <ClInclude Include="Includes\assimp\types.h">
      <Filter>헤더 파일</Filter>
    </ClInclude>
    <ClInclude Include="Includes\assimp\vector2.h">
      <Filter>헤더 파일</Filter>
    </ClInclude>
    <ClInclude Include="Includes\assimp\vector3.h">
      <Filter>헤더 파일</Filter>
    </ClInclude>
    <ClInclude Include="Includes\assimp\version.h">
      <Filter>헤더 파일</Filter>
    </ClInclude>
    <ClInclude Include="Includes\assimp\Vertex.h">
      <Filter>헤더 파일</Filter>
    </ClInclude>
    <ClInclude Include="Includes\assimp\XmlParser.h">
      <Filter>헤더 파일</Filter>
    </ClInclude>
    <ClInclude Include="Includes\assimp\XMLTools.h">
      <Filter>헤더 파일</Filter>
    </ClInclude>
    <ClInclude Include="Includes\assimp\ZipArchiveIOSystem.h">
      <Filter>헤더 파일</Filter>
    </ClInclude>
    <ClInclude Include="Engine\Graphics\Objects\Mesh.h">
      <Filter>헤더 파일</Filter>
    </ClInclude>
    <ClInclude Include="Engine\Graphics\Objects\Texture.h">
      <Filter>헤더 파일</Filter>
    </ClInclude>
    <ClInclude Include="Engine\Graphics\Objects\Color.h">
      <Filter>헤더 파일</Filter>
    </ClInclude>
    <ClInclude Include="Engine\Graphics\Objects\Components\SpriteRenderer.h">
      <Filter>헤더 파일</Filter>
    </ClInclude>
    <ClInclude Include="Engine\Graphics\Objects\Components\SkinnedMeshRenderer.h">
      <Filter>헤더 파일</Filter>
    </ClInclude>
    <ClInclude Include="Engine\Graphics\Objects\Components\MeshRenderer.h">
      <Filter>헤더 파일</Filter>
    </ClInclude>
    <ClInclude Include="Engine\EngineFileSystem.h">
      <Filter>헤더 파일</Filter>
    </ClInclude>
    <ClInclude Include="Engine\Graphics\interpolate.h">
      <Filter>헤더 파일</Filter>
    </ClInclude>
    <ClInclude Include="Engine\Graphics\Objects\BoneAnimation.h">
      <Filter>헤더 파일</Filter>
    </ClInclude>
    <ClInclude Include="Engine\Input\Input.h">
      <Filter>헤더 파일</Filter>
    </ClInclude>
    <ClInclude Include="Engine\Scenes\Scene.h">
      <Filter>헤더 파일</Filter>
    </ClInclude>
    <ClInclude Include="Engine\Scenes\DefaultScene.h">
      <Filter>헤더 파일</Filter>
    </ClInclude>
    <ClInclude Include="Engine\Graphics\ShaderHelper.h">
      <Filter>헤더 파일</Filter>
    </ClInclude>
    <ClInclude Include="Engine\Graphics\Objects\GeometryHelper.h">
      <Filter>헤더 파일</Filter>
    </ClInclude>
  </ItemGroup>
  <ItemGroup>
    <FxCompile Include="Engine\Shaders\vs.hlsl" />
    <FxCompile Include="Engine\Shaders\ps.hlsl" />
    <FxCompile Include="Engine\Shaders\vsSprite.hlsl" />
    <FxCompile Include="Engine\Shaders\psSprite.hlsl" />
    <FxCompile Include="Engine\Shaders\vsAnimation.hlsl" />
  </ItemGroup>
  <ItemGroup>
    <None Include="Includes\assimp\color4.inl">
      <Filter>헤더 파일</Filter>
    </None>
    <None Include="Includes\assimp\material.inl">
      <Filter>헤더 파일</Filter>
    </None>
    <None Include="Includes\assimp\matrix3x3.inl">
      <Filter>헤더 파일</Filter>
    </None>
    <None Include="Includes\assimp\matrix4x4.inl">
      <Filter>헤더 파일</Filter>
    </None>
    <None Include="Includes\assimp\quaternion.inl">
      <Filter>헤더 파일</Filter>
    </None>
    <None Include="Includes\assimp\SmoothingGroups.inl">
      <Filter>헤더 파일</Filter>
    </None>
    <None Include="Includes\assimp\vector2.inl">
      <Filter>헤더 파일</Filter>
    </None>
    <None Include="Includes\assimp\vector3.inl">
      <Filter>헤더 파일</Filter>
    </None>
    <None Include="Dlls\assimp-vc143-mt.dll" />
    <None Include="Dlls\pugixml.dll" />
    <None Include="Dlls\zlib1.dll" />
  </ItemGroup>
</Project>